// !$*UTF8*$!
{
	archiveVersion = 1;
	classes = {
	};
	objectVersion = 56;
	objects = {

/* Begin PBXBuildFile section */
		F53860A52AA251EB005F1740 /* MyWorkoutsApp.swift in Sources */ = {isa = PBXBuildFile; fileRef = F53860A42AA251EB005F1740 /* MyWorkoutsApp.swift */; };
		F53860A72AA251EB005F1740 /* ContentView.swift in Sources */ = {isa = PBXBuildFile; fileRef = F53860A62AA251EB005F1740 /* ContentView.swift */; };
		F53860A92AA251EE005F1740 /* Assets.xcassets in Resources */ = {isa = PBXBuildFile; fileRef = F53860A82AA251EE005F1740 /* Assets.xcassets */; };
		F53860AC2AA251EE005F1740 /* Preview Assets.xcassets in Resources */ = {isa = PBXBuildFile; fileRef = F53860AB2AA251EE005F1740 /* Preview Assets.xcassets */; };
		F53860B62AA251EE005F1740 /* MyWorkouts_Watch_AppTests.swift in Sources */ = {isa = PBXBuildFile; fileRef = F53860B52AA251EE005F1740 /* MyWorkouts_Watch_AppTests.swift */; };
		F53860C02AA251EE005F1740 /* MyWorkouts_Watch_AppUITests.swift in Sources */ = {isa = PBXBuildFile; fileRef = F53860BF2AA251EE005F1740 /* MyWorkouts_Watch_AppUITests.swift */; };
		F53860C22AA251EE005F1740 /* MyWorkouts_Watch_AppUITestsLaunchTests.swift in Sources */ = {isa = PBXBuildFile; fileRef = F53860C12AA251EE005F1740 /* MyWorkouts_Watch_AppUITestsLaunchTests.swift */; };
/* End PBXBuildFile section */

/* Begin PBXContainerItemProxy section */
		F53860B22AA251EE005F1740 /* PBXContainerItemProxy */ = {
			isa = PBXContainerItemProxy;
			containerPortal = F53860992AA251EA005F1740 /* Project object */;
			proxyType = 1;
			remoteGlobalIDString = F53860A02AA251EB005F1740;
			remoteInfo = "MyWorkouts Watch App";
		};
		F53860BC2AA251EE005F1740 /* PBXContainerItemProxy */ = {
			isa = PBXContainerItemProxy;
			containerPortal = F53860992AA251EA005F1740 /* Project object */;
			proxyType = 1;
			remoteGlobalIDString = F53860A02AA251EB005F1740;
			remoteInfo = "MyWorkouts Watch App";
		};
/* End PBXContainerItemProxy section */

/* Begin PBXFileReference section */
		F53860A12AA251EB005F1740 /* MyWorkouts Watch App.app */ = {isa = PBXFileReference; explicitFileType = wrapper.application; includeInIndex = 0; path = "MyWorkouts Watch App.app"; sourceTree = BUILT_PRODUCTS_DIR; };
		F53860A42AA251EB005F1740 /* MyWorkoutsApp.swift */ = {isa = PBXFileReference; lastKnownFileType = sourcecode.swift; path = MyWorkoutsApp.swift; sourceTree = "<group>"; };
		F53860A62AA251EB005F1740 /* ContentView.swift */ = {isa = PBXFileReference; lastKnownFileType = sourcecode.swift; path = ContentView.swift; sourceTree = "<group>"; };
		F53860A82AA251EE005F1740 /* Assets.xcassets */ = {isa = PBXFileReference; lastKnownFileType = folder.assetcatalog; path = Assets.xcassets; sourceTree = "<group>"; };
		F53860AB2AA251EE005F1740 /* Preview Assets.xcassets */ = {isa = PBXFileReference; lastKnownFileType = folder.assetcatalog; path = "Preview Assets.xcassets"; sourceTree = "<group>"; };
		F53860B12AA251EE005F1740 /* MyWorkouts Watch AppTests.xctest */ = {isa = PBXFileReference; explicitFileType = wrapper.cfbundle; includeInIndex = 0; path = "MyWorkouts Watch AppTests.xctest"; sourceTree = BUILT_PRODUCTS_DIR; };
		F53860B52AA251EE005F1740 /* MyWorkouts_Watch_AppTests.swift */ = {isa = PBXFileReference; lastKnownFileType = sourcecode.swift; path = MyWorkouts_Watch_AppTests.swift; sourceTree = "<group>"; };
		F53860BB2AA251EE005F1740 /* MyWorkouts Watch AppUITests.xctest */ = {isa = PBXFileReference; explicitFileType = wrapper.cfbundle; includeInIndex = 0; path = "MyWorkouts Watch AppUITests.xctest"; sourceTree = BUILT_PRODUCTS_DIR; };
		F53860BF2AA251EE005F1740 /* MyWorkouts_Watch_AppUITests.swift */ = {isa = PBXFileReference; lastKnownFileType = sourcecode.swift; path = MyWorkouts_Watch_AppUITests.swift; sourceTree = "<group>"; };
		F53860C12AA251EE005F1740 /* MyWorkouts_Watch_AppUITestsLaunchTests.swift */ = {isa = PBXFileReference; lastKnownFileType = sourcecode.swift; path = MyWorkouts_Watch_AppUITestsLaunchTests.swift; sourceTree = "<group>"; };
/* End PBXFileReference section */

/* Begin PBXFrameworksBuildPhase section */
		F538609E2AA251EB005F1740 /* Frameworks */ = {
			isa = PBXFrameworksBuildPhase;
			buildActionMask = 2147483647;
			files = (
			);
			runOnlyForDeploymentPostprocessing = 0;
		};
		F53860AE2AA251EE005F1740 /* Frameworks */ = {
			isa = PBXFrameworksBuildPhase;
			buildActionMask = 2147483647;
			files = (
			);
			runOnlyForDeploymentPostprocessing = 0;
		};
		F53860B82AA251EE005F1740 /* Frameworks */ = {
			isa = PBXFrameworksBuildPhase;
			buildActionMask = 2147483647;
			files = (
			);
			runOnlyForDeploymentPostprocessing = 0;
		};
/* End PBXFrameworksBuildPhase section */

/* Begin PBXGroup section */
		F53860982AA251EA005F1740 = {
			isa = PBXGroup;
			children = (
				F53860A32AA251EB005F1740 /* MyWorkouts Watch App */,
				F53860B42AA251EE005F1740 /* MyWorkouts Watch AppTests */,
				F53860BE2AA251EE005F1740 /* MyWorkouts Watch AppUITests */,
				F53860A22AA251EB005F1740 /* Products */,
			);
			sourceTree = "<group>";
		};
		F53860A22AA251EB005F1740 /* Products */ = {
			isa = PBXGroup;
			children = (
				F53860A12AA251EB005F1740 /* MyWorkouts Watch App.app */,
				F53860B12AA251EE005F1740 /* MyWorkouts Watch AppTests.xctest */,
				F53860BB2AA251EE005F1740 /* MyWorkouts Watch AppUITests.xctest */,
			);
			name = Products;
			sourceTree = "<group>";
		};
		F53860A32AA251EB005F1740 /* MyWorkouts Watch App */ = {
			isa = PBXGroup;
			children = (
				F53860A42AA251EB005F1740 /* MyWorkoutsApp.swift */,
				F53860A62AA251EB005F1740 /* ContentView.swift */,
				F53860A82AA251EE005F1740 /* Assets.xcassets */,
				F53860AA2AA251EE005F1740 /* Preview Content */,
			);
			path = "MyWorkouts Watch App";
			sourceTree = "<group>";
		};
		F53860AA2AA251EE005F1740 /* Preview Content */ = {
			isa = PBXGroup;
			children = (
				F53860AB2AA251EE005F1740 /* Preview Assets.xcassets */,
			);
			path = "Preview Content";
			sourceTree = "<group>";
		};
		F53860B42AA251EE005F1740 /* MyWorkouts Watch AppTests */ = {
			isa = PBXGroup;
			children = (
				F53860B52AA251EE005F1740 /* MyWorkouts_Watch_AppTests.swift */,
			);
			path = "MyWorkouts Watch AppTests";
			sourceTree = "<group>";
		};
		F53860BE2AA251EE005F1740 /* MyWorkouts Watch AppUITests */ = {
			isa = PBXGroup;
			children = (
				F53860BF2AA251EE005F1740 /* MyWorkouts_Watch_AppUITests.swift */,
				F53860C12AA251EE005F1740 /* MyWorkouts_Watch_AppUITestsLaunchTests.swift */,
			);
			path = "MyWorkouts Watch AppUITests";
			sourceTree = "<group>";
		};
/* End PBXGroup section */

/* Begin PBXNativeTarget section */
		F53860A02AA251EB005F1740 /* MyWorkouts Watch App */ = {
			isa = PBXNativeTarget;
			buildConfigurationList = F53860C52AA251EE005F1740 /* Build configuration list for PBXNativeTarget "MyWorkouts Watch App" */;
			buildPhases = (
				F538609D2AA251EB005F1740 /* Sources */,
				F538609E2AA251EB005F1740 /* Frameworks */,
				F538609F2AA251EB005F1740 /* Resources */,
			);
			buildRules = (
			);
			dependencies = (
			);
			name = "MyWorkouts Watch App";
			productName = "MyWorkouts Watch App";
			productReference = F53860A12AA251EB005F1740 /* MyWorkouts Watch App.app */;
			productType = "com.apple.product-type.application";
		};
		F53860B02AA251EE005F1740 /* MyWorkouts Watch AppTests */ = {
			isa = PBXNativeTarget;
			buildConfigurationList = F53860C82AA251EE005F1740 /* Build configuration list for PBXNativeTarget "MyWorkouts Watch AppTests" */;
			buildPhases = (
				F53860AD2AA251EE005F1740 /* Sources */,
				F53860AE2AA251EE005F1740 /* Frameworks */,
				F53860AF2AA251EE005F1740 /* Resources */,
			);
			buildRules = (
			);
			dependencies = (
				F53860B32AA251EE005F1740 /* PBXTargetDependency */,
			);
			name = "MyWorkouts Watch AppTests";
			productName = "MyWorkouts Watch AppTests";
			productReference = F53860B12AA251EE005F1740 /* MyWorkouts Watch AppTests.xctest */;
			productType = "com.apple.product-type.bundle.unit-test";
		};
		F53860BA2AA251EE005F1740 /* MyWorkouts Watch AppUITests */ = {
			isa = PBXNativeTarget;
			buildConfigurationList = F53860CB2AA251EE005F1740 /* Build configuration list for PBXNativeTarget "MyWorkouts Watch AppUITests" */;
			buildPhases = (
				F53860B72AA251EE005F1740 /* Sources */,
				F53860B82AA251EE005F1740 /* Frameworks */,
				F53860B92AA251EE005F1740 /* Resources */,
			);
			buildRules = (
			);
			dependencies = (
				F53860BD2AA251EE005F1740 /* PBXTargetDependency */,
			);
			name = "MyWorkouts Watch AppUITests";
			productName = "MyWorkouts Watch AppUITests";
			productReference = F53860BB2AA251EE005F1740 /* MyWorkouts Watch AppUITests.xctest */;
			productType = "com.apple.product-type.bundle.ui-testing";
		};
/* End PBXNativeTarget section */

/* Begin PBXProject section */
		F53860992AA251EA005F1740 /* Project object */ = {
			isa = PBXProject;
			attributes = {
				BuildIndependentTargetsInParallel = 1;
				LastSwiftUpdateCheck = 1500;
				LastUpgradeCheck = 1500;
				TargetAttributes = {
					F53860A02AA251EB005F1740 = {
						CreatedOnToolsVersion = 15.0;
					};
					F53860B02AA251EE005F1740 = {
						CreatedOnToolsVersion = 15.0;
						TestTargetID = F53860A02AA251EB005F1740;
					};
					F53860BA2AA251EE005F1740 = {
						CreatedOnToolsVersion = 15.0;
						TestTargetID = F53860A02AA251EB005F1740;
					};
				};
			};
			buildConfigurationList = F538609C2AA251EA005F1740 /* Build configuration list for PBXProject "MyWorkouts" */;
			compatibilityVersion = "Xcode 14.0";
			developmentRegion = en;
			hasScannedForEncodings = 0;
			knownRegions = (
				en,
				Base,
			);
			mainGroup = F53860982AA251EA005F1740;
			productRefGroup = F53860A22AA251EB005F1740 /* Products */;
			projectDirPath = "";
			projectRoot = "";
			targets = (
				F53860A02AA251EB005F1740 /* MyWorkouts Watch App */,
				F53860B02AA251EE005F1740 /* MyWorkouts Watch AppTests */,
				F53860BA2AA251EE005F1740 /* MyWorkouts Watch AppUITests */,
			);
		};
/* End PBXProject section */

/* Begin PBXResourcesBuildPhase section */
		F538609F2AA251EB005F1740 /* Resources */ = {
			isa = PBXResourcesBuildPhase;
			buildActionMask = 2147483647;
			files = (
				F53860AC2AA251EE005F1740 /* Preview Assets.xcassets in Resources */,
				F53860A92AA251EE005F1740 /* Assets.xcassets in Resources */,
			);
			runOnlyForDeploymentPostprocessing = 0;
		};
		F53860AF2AA251EE005F1740 /* Resources */ = {
			isa = PBXResourcesBuildPhase;
			buildActionMask = 2147483647;
			files = (
			);
			runOnlyForDeploymentPostprocessing = 0;
		};
		F53860B92AA251EE005F1740 /* Resources */ = {
			isa = PBXResourcesBuildPhase;
			buildActionMask = 2147483647;
			files = (
			);
			runOnlyForDeploymentPostprocessing = 0;
		};
/* End PBXResourcesBuildPhase section */

/* Begin PBXSourcesBuildPhase section */
		F538609D2AA251EB005F1740 /* Sources */ = {
			isa = PBXSourcesBuildPhase;
			buildActionMask = 2147483647;
			files = (
				F53860A72AA251EB005F1740 /* ContentView.swift in Sources */,
				F53860A52AA251EB005F1740 /* MyWorkoutsApp.swift in Sources */,
			);
			runOnlyForDeploymentPostprocessing = 0;
		};
		F53860AD2AA251EE005F1740 /* Sources */ = {
			isa = PBXSourcesBuildPhase;
			buildActionMask = 2147483647;
			files = (
				F53860B62AA251EE005F1740 /* MyWorkouts_Watch_AppTests.swift in Sources */,
			);
			runOnlyForDeploymentPostprocessing = 0;
		};
		F53860B72AA251EE005F1740 /* Sources */ = {
			isa = PBXSourcesBuildPhase;
			buildActionMask = 2147483647;
			files = (
				F53860C22AA251EE005F1740 /* MyWorkouts_Watch_AppUITestsLaunchTests.swift in Sources */,
				F53860C02AA251EE005F1740 /* MyWorkouts_Watch_AppUITests.swift in Sources */,
			);
			runOnlyForDeploymentPostprocessing = 0;
		};
/* End PBXSourcesBuildPhase section */

/* Begin PBXTargetDependency section */
		F53860B32AA251EE005F1740 /* PBXTargetDependency */ = {
			isa = PBXTargetDependency;
			target = F53860A02AA251EB005F1740 /* MyWorkouts Watch App */;
			targetProxy = F53860B22AA251EE005F1740 /* PBXContainerItemProxy */;
		};
		F53860BD2AA251EE005F1740 /* PBXTargetDependency */ = {
			isa = PBXTargetDependency;
			target = F53860A02AA251EB005F1740 /* MyWorkouts Watch App */;
			targetProxy = F53860BC2AA251EE005F1740 /* PBXContainerItemProxy */;
		};
/* End PBXTargetDependency section */

/* Begin XCBuildConfiguration section */
		F53860C32AA251EE005F1740 /* Debug */ = {
			isa = XCBuildConfiguration;
			buildSettings = {
				ALWAYS_SEARCH_USER_PATHS = NO;
				ASSETCATALOG_COMPILER_GENERATE_SWIFT_ASSET_SYMBOL_EXTENSIONS = YES;
				CLANG_ANALYZER_NONNULL = YES;
				CLANG_ANALYZER_NUMBER_OBJECT_CONVERSION = YES_AGGRESSIVE;
				CLANG_CXX_LANGUAGE_STANDARD = "gnu++20";
				CLANG_ENABLE_MODULES = YES;
				CLANG_ENABLE_OBJC_ARC = YES;
				CLANG_ENABLE_OBJC_WEAK = YES;
				CLANG_WARN_BLOCK_CAPTURE_AUTORELEASING = YES;
				CLANG_WARN_BOOL_CONVERSION = YES;
				CLANG_WARN_COMMA = YES;
				CLANG_WARN_CONSTANT_CONVERSION = YES;
				CLANG_WARN_DEPRECATED_OBJC_IMPLEMENTATIONS = YES;
				CLANG_WARN_DIRECT_OBJC_ISA_USAGE = YES_ERROR;
				CLANG_WARN_DOCUMENTATION_COMMENTS = YES;
				CLANG_WARN_EMPTY_BODY = YES;
				CLANG_WARN_ENUM_CONVERSION = YES;
				CLANG_WARN_INFINITE_RECURSION = YES;
				CLANG_WARN_INT_CONVERSION = YES;
				CLANG_WARN_NON_LITERAL_NULL_CONVERSION = YES;
				CLANG_WARN_OBJC_IMPLICIT_RETAIN_SELF = YES;
				CLANG_WARN_OBJC_LITERAL_CONVERSION = YES;
				CLANG_WARN_OBJC_ROOT_CLASS = YES_ERROR;
				CLANG_WARN_QUOTED_INCLUDE_IN_FRAMEWORK_HEADER = YES;
				CLANG_WARN_RANGE_LOOP_ANALYSIS = YES;
				CLANG_WARN_STRICT_PROTOTYPES = YES;
				CLANG_WARN_SUSPICIOUS_MOVE = YES;
				CLANG_WARN_UNGUARDED_AVAILABILITY = YES_AGGRESSIVE;
				CLANG_WARN_UNREACHABLE_CODE = YES;
				CLANG_WARN__DUPLICATE_METHOD_MATCH = YES;
				COPY_PHASE_STRIP = NO;
				DEBUG_INFORMATION_FORMAT = dwarf;
				ENABLE_STRICT_OBJC_MSGSEND = YES;
				ENABLE_TESTABILITY = YES;
				ENABLE_USER_SCRIPT_SANDBOXING = YES;
				GCC_C_LANGUAGE_STANDARD = gnu17;
				GCC_DYNAMIC_NO_PIC = NO;
				GCC_NO_COMMON_BLOCKS = YES;
				GCC_OPTIMIZATION_LEVEL = 0;
				GCC_PREPROCESSOR_DEFINITIONS = (
					"DEBUG=1",
					"$(inherited)",
				);
				GCC_WARN_64_TO_32_BIT_CONVERSION = YES;
				GCC_WARN_ABOUT_RETURN_TYPE = YES_ERROR;
				GCC_WARN_UNDECLARED_SELECTOR = YES;
				GCC_WARN_UNINITIALIZED_AUTOS = YES_AGGRESSIVE;
				GCC_WARN_UNUSED_FUNCTION = YES;
				GCC_WARN_UNUSED_VARIABLE = YES;
				LOCALIZATION_PREFERS_STRING_CATALOGS = YES;
				MTL_ENABLE_DEBUG_INFO = INCLUDE_SOURCE;
				MTL_FAST_MATH = YES;
				ONLY_ACTIVE_ARCH = YES;
				SWIFT_ACTIVE_COMPILATION_CONDITIONS = "DEBUG $(inherited)";
				SWIFT_OPTIMIZATION_LEVEL = "-Onone";
			};
			name = Debug;
		};
		F53860C42AA251EE005F1740 /* Release */ = {
			isa = XCBuildConfiguration;
			buildSettings = {
				ALWAYS_SEARCH_USER_PATHS = NO;
				ASSETCATALOG_COMPILER_GENERATE_SWIFT_ASSET_SYMBOL_EXTENSIONS = YES;
				CLANG_ANALYZER_NONNULL = YES;
				CLANG_ANALYZER_NUMBER_OBJECT_CONVERSION = YES_AGGRESSIVE;
				CLANG_CXX_LANGUAGE_STANDARD = "gnu++20";
				CLANG_ENABLE_MODULES = YES;
				CLANG_ENABLE_OBJC_ARC = YES;
				CLANG_ENABLE_OBJC_WEAK = YES;
				CLANG_WARN_BLOCK_CAPTURE_AUTORELEASING = YES;
				CLANG_WARN_BOOL_CONVERSION = YES;
				CLANG_WARN_COMMA = YES;
				CLANG_WARN_CONSTANT_CONVERSION = YES;
				CLANG_WARN_DEPRECATED_OBJC_IMPLEMENTATIONS = YES;
				CLANG_WARN_DIRECT_OBJC_ISA_USAGE = YES_ERROR;
				CLANG_WARN_DOCUMENTATION_COMMENTS = YES;
				CLANG_WARN_EMPTY_BODY = YES;
				CLANG_WARN_ENUM_CONVERSION = YES;
				CLANG_WARN_INFINITE_RECURSION = YES;
				CLANG_WARN_INT_CONVERSION = YES;
				CLANG_WARN_NON_LITERAL_NULL_CONVERSION = YES;
				CLANG_WARN_OBJC_IMPLICIT_RETAIN_SELF = YES;
				CLANG_WARN_OBJC_LITERAL_CONVERSION = YES;
				CLANG_WARN_OBJC_ROOT_CLASS = YES_ERROR;
				CLANG_WARN_QUOTED_INCLUDE_IN_FRAMEWORK_HEADER = YES;
				CLANG_WARN_RANGE_LOOP_ANALYSIS = YES;
				CLANG_WARN_STRICT_PROTOTYPES = YES;
				CLANG_WARN_SUSPICIOUS_MOVE = YES;
				CLANG_WARN_UNGUARDED_AVAILABILITY = YES_AGGRESSIVE;
				CLANG_WARN_UNREACHABLE_CODE = YES;
				CLANG_WARN__DUPLICATE_METHOD_MATCH = YES;
				COPY_PHASE_STRIP = NO;
				DEBUG_INFORMATION_FORMAT = "dwarf-with-dsym";
				ENABLE_NS_ASSERTIONS = NO;
				ENABLE_STRICT_OBJC_MSGSEND = YES;
				ENABLE_USER_SCRIPT_SANDBOXING = YES;
				GCC_C_LANGUAGE_STANDARD = gnu17;
				GCC_NO_COMMON_BLOCKS = YES;
				GCC_WARN_64_TO_32_BIT_CONVERSION = YES;
				GCC_WARN_ABOUT_RETURN_TYPE = YES_ERROR;
				GCC_WARN_UNDECLARED_SELECTOR = YES;
				GCC_WARN_UNINITIALIZED_AUTOS = YES_AGGRESSIVE;
				GCC_WARN_UNUSED_FUNCTION = YES;
				GCC_WARN_UNUSED_VARIABLE = YES;
				LOCALIZATION_PREFERS_STRING_CATALOGS = YES;
				MTL_ENABLE_DEBUG_INFO = NO;
				MTL_FAST_MATH = YES;
				SWIFT_COMPILATION_MODE = wholemodule;
			};
			name = Release;
		};
		F53860C62AA251EE005F1740 /* Debug */ = {
			isa = XCBuildConfiguration;
			buildSettings = {
				ASSETCATALOG_COMPILER_APPICON_NAME = AppIcon;
				ASSETCATALOG_COMPILER_GLOBAL_ACCENT_COLOR_NAME = AccentColor;
				CODE_SIGN_STYLE = Automatic;
				CURRENT_PROJECT_VERSION = 1;
				DEVELOPMENT_ASSET_PATHS = "\"MyWorkouts Watch App/Preview Content\"";
				DEVELOPMENT_TEAM = 9B8CU8XHSY;
				ENABLE_PREVIEWS = YES;
				GENERATE_INFOPLIST_FILE = YES;
				INFOPLIST_KEY_CFBundleDisplayName = MyWorkouts;
				INFOPLIST_KEY_UISupportedInterfaceOrientations = "UIInterfaceOrientationPortrait UIInterfaceOrientationPortraitUpsideDown";
				INFOPLIST_KEY_WKCompanionAppBundleIdentifier = "";
				LD_RUNPATH_SEARCH_PATHS = (
					"$(inherited)",
					"@executable_path/Frameworks",
				);
				MARKETING_VERSION = 1.0;
				PRODUCT_BUNDLE_IDENTIFIER = .watchkitapp;
				PRODUCT_NAME = "$(TARGET_NAME)";
				SDKROOT = watchos;
				SKIP_INSTALL = YES;
				SWIFT_EMIT_LOC_STRINGS = YES;
				SWIFT_VERSION = 5.0;
				TARGETED_DEVICE_FAMILY = 4;
				WATCHOS_DEPLOYMENT_TARGET = 10.0;
			};
			name = Debug;
		};
		F53860C72AA251EE005F1740 /* Release */ = {
			isa = XCBuildConfiguration;
			buildSettings = {
				ASSETCATALOG_COMPILER_APPICON_NAME = AppIcon;
				ASSETCATALOG_COMPILER_GLOBAL_ACCENT_COLOR_NAME = AccentColor;
				CODE_SIGN_STYLE = Automatic;
				CURRENT_PROJECT_VERSION = 1;
				DEVELOPMENT_ASSET_PATHS = "\"MyWorkouts Watch App/Preview Content\"";
				DEVELOPMENT_TEAM = 9B8CU8XHSY;
				ENABLE_PREVIEWS = YES;
				GENERATE_INFOPLIST_FILE = YES;
				INFOPLIST_KEY_CFBundleDisplayName = MyWorkouts;
				INFOPLIST_KEY_UISupportedInterfaceOrientations = "UIInterfaceOrientationPortrait UIInterfaceOrientationPortraitUpsideDown";
				INFOPLIST_KEY_WKCompanionAppBundleIdentifier = "";
				LD_RUNPATH_SEARCH_PATHS = (
					"$(inherited)",
					"@executable_path/Frameworks",
				);
				MARKETING_VERSION = 1.0;
				PRODUCT_BUNDLE_IDENTIFIER = .watchkitapp;
				PRODUCT_NAME = "$(TARGET_NAME)";
				SDKROOT = watchos;
				SKIP_INSTALL = YES;
				SWIFT_EMIT_LOC_STRINGS = YES;
				SWIFT_VERSION = 5.0;
				TARGETED_DEVICE_FAMILY = 4;
				VALIDATE_PRODUCT = YES;
				WATCHOS_DEPLOYMENT_TARGET = 10.0;
			};
			name = Release;
		};
		F53860C92AA251EE005F1740 /* Debug */ = {
			isa = XCBuildConfiguration;
			buildSettings = {
				ALWAYS_EMBED_SWIFT_STANDARD_LIBRARIES = YES;
				BUNDLE_LOADER = "$(TEST_HOST)";
				CODE_SIGN_STYLE = Automatic;
				CURRENT_PROJECT_VERSION = 1;
				DEVELOPMENT_TEAM = 9B8CU8XHSY;
				GENERATE_INFOPLIST_FILE = YES;
				MARKETING_VERSION = 1.0;
				PRODUCT_BUNDLE_IDENTIFIER = "com.zeemoni.MyWorkouts-Watch-AppTests";
				PRODUCT_NAME = "$(TARGET_NAME)";
				SDKROOT = watchos;
				SWIFT_EMIT_LOC_STRINGS = NO;
				SWIFT_VERSION = 5.0;
				TARGETED_DEVICE_FAMILY = 4;
				TEST_HOST = "$(BUILT_PRODUCTS_DIR)/MyWorkouts Watch App.app/$(BUNDLE_EXECUTABLE_FOLDER_PATH)/MyWorkouts Watch App";
				WATCHOS_DEPLOYMENT_TARGET = 10.0;
			};
			name = Debug;
		};
		F53860CA2AA251EE005F1740 /* Release */ = {
			isa = XCBuildConfiguration;
			buildSettings = {
				ALWAYS_EMBED_SWIFT_STANDARD_LIBRARIES = YES;
				BUNDLE_LOADER = "$(TEST_HOST)";
				CODE_SIGN_STYLE = Automatic;
				CURRENT_PROJECT_VERSION = 1;
				DEVELOPMENT_TEAM = 9B8CU8XHSY;
				GENERATE_INFOPLIST_FILE = YES;
				MARKETING_VERSION = 1.0;
				PRODUCT_BUNDLE_IDENTIFIER = "com.zeemoni.MyWorkouts-Watch-AppTests";
				PRODUCT_NAME = "$(TARGET_NAME)";
				SDKROOT = watchos;
				SWIFT_EMIT_LOC_STRINGS = NO;
				SWIFT_VERSION = 5.0;
				TARGETED_DEVICE_FAMILY = 4;
				TEST_HOST = "$(BUILT_PRODUCTS_DIR)/MyWorkouts Watch App.app/$(BUNDLE_EXECUTABLE_FOLDER_PATH)/MyWorkouts Watch App";
				VALIDATE_PRODUCT = YES;
				WATCHOS_DEPLOYMENT_TARGET = 10.0;
			};
			name = Release;
		};
		F53860CC2AA251EE005F1740 /* Debug */ = {
			isa = XCBuildConfiguration;
			buildSettings = {
				ALWAYS_EMBED_SWIFT_STANDARD_LIBRARIES = YES;
				CODE_SIGN_STYLE = Automatic;
				CURRENT_PROJECT_VERSION = 1;
				DEVELOPMENT_TEAM = 9B8CU8XHSY;
				GENERATE_INFOPLIST_FILE = YES;
				MARKETING_VERSION = 1.0;
				PRODUCT_BUNDLE_IDENTIFIER = "com.zeemoni.MyWorkouts-Watch-AppUITests";
				PRODUCT_NAME = "$(TARGET_NAME)";
				SDKROOT = watchos;
				SWIFT_EMIT_LOC_STRINGS = NO;
				SWIFT_VERSION = 5.0;
				TARGETED_DEVICE_FAMILY = 4;
				TEST_TARGET_NAME = "MyWorkouts Watch App";
				WATCHOS_DEPLOYMENT_TARGET = 10.0;
			};
			name = Debug;
		};
		F53860CD2AA251EE005F1740 /* Release */ = {
			isa = XCBuildConfiguration;
			buildSettings = {
				ALWAYS_EMBED_SWIFT_STANDARD_LIBRARIES = YES;
				CODE_SIGN_STYLE = Automatic;
				CURRENT_PROJECT_VERSION = 1;
				DEVELOPMENT_TEAM = 9B8CU8XHSY;
				GENERATE_INFOPLIST_FILE = YES;
				MARKETING_VERSION = 1.0;
				PRODUCT_BUNDLE_IDENTIFIER = "com.zeemoni.MyWorkouts-Watch-AppUITests";
				PRODUCT_NAME = "$(TARGET_NAME)";
				SDKROOT = watchos;
				SWIFT_EMIT_LOC_STRINGS = NO;
				SWIFT_VERSION = 5.0;
				TARGETED_DEVICE_FAMILY = 4;
				TEST_TARGET_NAME = "MyWorkouts Watch App";
				VALIDATE_PRODUCT = YES;
				WATCHOS_DEPLOYMENT_TARGET = 10.0;
			};
			name = Release;
		};
/* End XCBuildConfiguration section */

/* Begin XCConfigurationList section */
		F538609C2AA251EA005F1740 /* Build configuration list for PBXProject "MyWorkouts" */ = {
			isa = XCConfigurationList;
			buildConfigurations = (
				F53860C32AA251EE005F1740 /* Debug */,
				F53860C42AA251EE005F1740 /* Release */,
			);
			defaultConfigurationIsVisible = 0;
			defaultConfigurationName = Release;
		};
		F53860C52AA251EE005F1740 /* Build configuration list for PBXNativeTarget "MyWorkouts Watch App" */ = {
			isa = XCConfigurationList;
			buildConfigurations = (
				F53860C62AA251EE005F1740 /* Debug */,
				F53860C72AA251EE005F1740 /* Release */,
			);
			defaultConfigurationIsVisible = 0;
			defaultConfigurationName = Release;
		};
		F53860C82AA251EE005F1740 /* Build configuration list for PBXNativeTarget "MyWorkouts Watch AppTests" */ = {
			isa = XCConfigurationList;
			buildConfigurations = (
				F53860C92AA251EE005F1740 /* Debug */,
				F53860CA2AA251EE005F1740 /* Release */,
			);
			defaultConfigurationIsVisible = 0;
			defaultConfigurationName = Release;
		};
		F53860CB2AA251EE005F1740 /* Build configuration list for PBXNativeTarget "MyWorkouts Watch AppUITests" */ = {
			isa = XCConfigurationList;
			buildConfigurations = (
				F53860CC2AA251EE005F1740 /* Debug */,
				F53860CD2AA251EE005F1740 /* Release */,
			);
			defaultConfigurationIsVisible = 0;
			defaultConfigurationName = Release;
		};
/* End XCConfigurationList section */
	};
	rootObject = F53860992AA251EA005F1740 /* Project object */;
}
